
Microsoft Visual Studio Solution File, Format Version 12.00
# Visual Studio Version 17
VisualStudioVersion = 17.3.32922.545
MinimumVisualStudioVersion = 10.0.40219.1
Project("{FAE04EC0-301F-11D3-BF4B-00C04F79EFBC}") = "ScreenCaptureProtector", "ScreenCaptureProtector\ScreenCaptureProtector.csproj", "{B24EF143-0B4A-4E99-9BAD-8786ADEBE11E}"
EndProject
Project("{FAE04EC0-301F-11D3-BF4B-00C04F79EFBC}") = "Hide", "Hide\Hide.csproj", "{0D2AB2B4-E224-491C-9E7F-0FC6CA36FB20}"
EndProject
Global
	GlobalSection(SolutionConfigurationPlatforms) = preSolution
		Debug|Any CPU = Debug|Any CPU
		Release|Any CPU = Release|Any CPU
	EndGlobalSection
	GlobalSection(ProjectConfigurationPlatforms) = postSolution
		{B24EF143-0B4A-4E99-9BAD-8786ADEBE11E}.Debug|Any CPU.ActiveCfg = Debug|Any CPU
		{B24EF143-0B4A-4E99-9BAD-8786ADEBE11E}.Debug|Any CPU.Build.0 = Debug|Any CPU
		{B24EF143-0B4A-4E99-9BAD-8786ADEBE11E}.Release|Any CPU.ActiveCfg = Release|Any CPU
		{B24EF143-0B4A-4E99-9BAD-8786ADEBE11E}.Release|Any CPU.Build.0 = Release|Any CPU
		{0D2AB2B4-E224-491C-9E7F-0FC6CA36FB20}.Debug|Any CPU.ActiveCfg = Debug|Any CPU
		{0D2AB2B4-E224-491C-9E7F-0FC6CA36FB20}.Debug|Any CPU.Build.0 = Debug|Any CPU
		{0D2AB2B4-E224-491C-9E7F-0FC6CA36FB20}.Release|Any CPU.ActiveCfg = Release|Any CPU
		{0D2AB2B4-E224-491C-9E7F-0FC6CA36FB20}.Release|Any CPU.Build.0 = Release|Any CPU
	EndGlobalSection
	GlobalSection(SolutionProperties) = preSolution
		HideSolutionNode = FALSE
	EndGlobalSection
	GlobalSection(ExtensibilityGlobals) = postSolution
		SolutionGuid = {32FAD84C-AC04-495B-9467-E9B8C1740305}
	EndGlobalSection
EndGlobal
